Microsoft Visual Studio Solution File, Format Version 12.00
# Visual Studio 2012
Project("{FAE04EC0-301F-11D3-BF4B-00C04F79EFBC}") = "MvpvmNavigation", "MvpvmNavigation\MvpvmNavigation.csproj", "{11C3AF38-064E-4272-AAB4-B5525B057079}"
EndProject
Global
	GlobalSection(SolutionConfigurationPlatforms) = preSolution
		Debug|Any CPU = Debug|Any CPU
		Release|Any CPU = Release|Any CPU
	EndGlobalSection
	GlobalSection(ProjectConfigurationPlatforms) = postSolution
		{11C3AF38-064E-4272-AAB4-B5525B057079}.Debug|Any CPU.ActiveCfg = Debug|Any CPU
		{11C3AF38-064E-4272-AAB4-B5525B057079}.Debug|Any CPU.Build.0 = Debug|Any CPU
		{11C3AF38-064E-4272-AAB4-B5525B057079}.Release|Any CPU.ActiveCfg = Release|Any CPU
		{11C3AF38-064E-4272-AAB4-B5525B057079}.Release|Any CPU.Build.0 = Release|Any CPU
	EndGlobalSection
	GlobalSection(SolutionProperties) = preSolution
		HideSolutionNode = FALSE
	EndGlobalSection
EndGlobal
